
Microsoft Visual Studio Solution File, Format Version 12.00
# Visual Studio Version 17
VisualStudioVersion = 17.14.36221.1 d17.14
MinimumVisualStudioVersion = 10.0.40219.1
Project("{E24C65DC-7377-472B-9ABA-BC803B73C61A}") = "htmlCssSample", "htmlCssSample\", "{391ED79A-B71F-473C-C5DA-810AC2ABD403}"
	ProjectSection(WebsiteProperties) = preProject
		TargetFrameworkMoniker = ".NETFramework,Version%3Dv4.7.2"
		Debug.AspNetCompiler.VirtualPath = "/localhost_64008"
		Debug.AspNetCompiler.PhysicalPath = "htmlCssSample\"
		Debug.AspNetCompiler.TargetPath = "PrecompiledWeb\localhost_64008\"
		Debug.AspNetCompiler.Updateable = "true"
		Debug.AspNetCompiler.ForceOverwrite = "true"
		Debug.AspNetCompiler.FixedNames = "false"
		Debug.AspNetCompiler.Debug = "True"
		Release.AspNetCompiler.VirtualPath = "/localhost_64008"
		Release.AspNetCompiler.PhysicalPath = "htmlCssSample\"
		Release.AspNetCompiler.TargetPath = "PrecompiledWeb\localhost_64008\"
		Release.AspNetCompiler.Updateable = "true"
		Release.AspNetCompiler.ForceOverwrite = "true"
		Release.AspNetCompiler.FixedNames = "false"
		Release.AspNetCompiler.Debug = "False"
		VWDPort = "64008"
		SlnRelativePath = "htmlCssSample\"
		DefaultWebSiteLanguage = "Visual Basic"
	EndProjectSection
EndProject
Global
	GlobalSection(SolutionConfigurationPlatforms) = preSolution
		Debug|Any CPU = Debug|Any CPU
	EndGlobalSection
	GlobalSection(ProjectConfigurationPlatforms) = postSolution
		{391ED79A-B71F-473C-C5DA-810AC2ABD403}.Debug|Any CPU.ActiveCfg = Debug|Any CPU
		{391ED79A-B71F-473C-C5DA-810AC2ABD403}.Debug|Any CPU.Build.0 = Debug|Any CPU
	EndGlobalSection
	GlobalSection(SolutionProperties) = preSolution
		HideSolutionNode = FALSE
	EndGlobalSection
	GlobalSection(ExtensibilityGlobals) = postSolution
		SolutionGuid = {3B72781F-98C9-42E1-A74E-4384F1EA6D78}
	EndGlobalSection
EndGlobal
